// !$*UTF8*$!
{
	archiveVersion = 1;
	classes = {
	};
	objectVersion = 46;
	objects = {

/* Begin PBXBuildFile section */
		6353EDE71D9B762800AF6D47 /* AppDelegate.swift in Sources */ = {isa = PBXBuildFile; fileRef = 6353EDE61D9B762800AF6D47 /* AppDelegate.swift */; };
		6353EDE91D9B762800AF6D47 /* ViewController.swift in Sources */ = {isa = PBXBuildFile; fileRef = 6353EDE81D9B762800AF6D47 /* ViewController.swift */; };
		6353EDEC1D9B762800AF6D47 /* Main.storyboard in Resources */ = {isa = PBXBuildFile; fileRef = 6353EDEA1D9B762800AF6D47 /* Main.storyboard */; };
		6353EDEE1D9B762800AF6D47 /* Assets.xcassets in Resources */ = {isa = PBXBuildFile; fileRef = 6353EDED1D9B762800AF6D47 /* Assets.xcassets */; };
		6353EDF11D9B762800AF6D47 /* LaunchScreen.storyboard in Resources */ = {isa = PBXBuildFile; fileRef = 6353EDEF1D9B762800AF6D47 /* LaunchScreen.storyboard */; };
/* End PBXBuildFile section */

/* Begin PBXFileReference section */
		6353EDE31D9B762700AF6D47 /* 测试PHP.app */ = {isa = PBXFileReference; explicitFileType = wrapper.application; includeInIndex = 0; path = "测试PHP.app"; sourceTree = BUILT_PRODUCTS_DIR; };
		6353EDE61D9B762800AF6D47 /* AppDelegate.swift */ = {isa = PBXFileReference; lastKnownFileType = sourcecode.swift; path = AppDelegate.swift; sourceTree = "<group>"; };
		6353EDE81D9B762800AF6D47 /* ViewController.swift */ = {isa = PBXFileReference; lastKnownFileType = sourcecode.swift; path = ViewController.swift; sourceTree = "<group>"; };
		6353EDEB1D9B762800AF6D47 /* Base */ = {isa = PBXFileReference; lastKnownFileType = file.storyboard; name = Base; path = Base.lproj/Main.storyboard; sourceTree = "<group>"; };
		6353EDED1D9B762800AF6D47 /* Assets.xcassets */ = {isa = PBXFileReference; lastKnownFileType = folder.assetcatalog; path = Assets.xcassets; sourceTree = "<group>"; };
		6353EDF01D9B762800AF6D47 /* Base */ = {isa = PBXFileReference; lastKnownFileType = file.storyboard; name = Base; path = Base.lproj/LaunchScreen.storyboard; sourceTree = "<group>"; };
		6353EDF21D9B762800AF6D47 /* Info.plist */ = {isa = PBXFileReference; lastKnownFileType = text.plist.xml; path = Info.plist; sourceTree = "<group>"; };
/* End PBXFileReference section */

/* Begin PBXFrameworksBuildPhase section */
		6353EDE01D9B762700AF6D47 /* Frameworks */ = {
			isa = PBXFrameworksBuildPhase;
			buildActionMask = 2147483647;
			files = (
			);
			runOnlyForDeploymentPostprocessing = 0;
		};
/* End PBXFrameworksBuildPhase section */

/* Begin PBXGroup section */
		6353EDDA1D9B762700AF6D47 = {
			isa = PBXGroup;
			children = (
				6353EDE51D9B762700AF6D47 /* 测试PHP */,
				6353EDE41D9B762700AF6D47 /* Products */,
			);
			sourceTree = "<group>";
		};
		6353EDE41D9B762700AF6D47 /* Products */ = {
			isa = PBXGroup;
			children = (
				6353EDE31D9B762700AF6D47 /* 测试PHP.app */,
			);
			name = Products;
			sourceTree = "<group>";
		};
		6353EDE51D9B762700AF6D47 /* 测试PHP */ = {
			isa = PBXGroup;
			children = (
				6353EDE61D9B762800AF6D47 /* AppDelegate.swift */,
				6353EDE81D9B762800AF6D47 /* ViewController.swift */,
				6353EDEA1D9B762800AF6D47 /* Main.storyboard */,
				6353EDED1D9B762800AF6D47 /* Assets.xcassets */,
				6353EDEF1D9B762800AF6D47 /* LaunchScreen.storyboard */,
				6353EDF21D9B762800AF6D47 /* Info.plist */,
			);
			path = "测试PHP";
			sourceTree = "<group>";
		};
/* End PBXGroup section */

/* Begin PBXNativeTarget section */
		6353EDE21D9B762700AF6D47 /* 测试PHP */ = {
			isa = PBXNativeTarget;
			buildConfigurationList = 6353EDF51D9B762800AF6D47 /* Build configuration list for PBXNativeTarget "测试PHP" */;
			buildPhases = (
				6353EDDF1D9B762700AF6D47 /* Sources */,
				6353EDE01D9B762700AF6D47 /* Frameworks */,
				6353EDE11D9B762700AF6D47 /* Resources */,
			);
			buildRules = (
			);
			dependencies = (
			);
			name = "测试PHP";
			productName = "测试PHP";
			productReference = 6353EDE31D9B762700AF6D47 /* 测试PHP.app */;
			productType = "com.apple.product-type.application";
		};
/* End PBXNativeTarget section */

/* Begin PBXProject section */
		6353EDDB1D9B762700AF6D47 /* Project object */ = {
			isa = PBXProject;
			attributes = {
				LastSwiftUpdateCheck = 0800;
				LastUpgradeCheck = 0800;
				ORGANIZATIONNAME = "任前辈";
				TargetAttributes = {
					6353EDE21D9B762700AF6D47 = {
						CreatedOnToolsVersion = 8.0;
						DevelopmentTeam = 73W5STJ9E9;
						ProvisioningStyle = Automatic;
					};
				};
			};
			buildConfigurationList = 6353EDDE1D9B762700AF6D47 /* Build configuration list for PBXProject "测试PHP" */;
			compatibilityVersion = "Xcode 3.2";
			developmentRegion = English;
			hasScannedForEncodings = 0;
			knownRegions = (
				en,
				Base,
			);
			mainGroup = 6353EDDA1D9B762700AF6D47;
			productRefGroup = 6353EDE41D9B762700AF6D47 /* Products */;
			projectDirPath = "";
			projectRoot = "";
			targets = (
				6353EDE21D9B762700AF6D47 /* 测试PHP */,
			);
		};
/* End PBXProject section */

/* Begin PBXResourcesBuildPhase section */
		6353EDE11D9B762700AF6D47 /* Resources */ = {
			isa = PBXResourcesBuildPhase;
			buildActionMask = 2147483647;
			files = (
				6353EDF11D9B762800AF6D47 /* LaunchScreen.storyboard in Resources */,
				6353EDEE1D9B762800AF6D47 /* Assets.xcassets in Resources */,
				6353EDEC1D9B762800AF6D47 /* Main.storyboard in Resources */,
			);
			runOnlyForDeploymentPostprocessing = 0;
		};
/* End PBXResourcesBuildPhase section */

/* Begin PBXSourcesBuildPhase section */
		6353EDDF1D9B762700AF6D47 /* Sources */ = {
			isa = PBXSourcesBuildPhase;
			buildActionMask = 2147483647;
			files = (
				6353EDE91D9B762800AF6D47 /* ViewController.swift in Sources */,
				6353EDE71D9B762800AF6D47 /* AppDelegate.swift in Sources */,
			);
			runOnlyForDeploymentPostprocessing = 0;
		};
/* End PBXSourcesBuildPhase section */

/* Begin PBXVariantGroup section */
		6353EDEA1D9B762800AF6D47 /* Main.storyboard */ = {
			isa = PBXVariantGroup;
			children = (
				6353EDEB1D9B762800AF6D47 /* Base */,
			);
			name = Main.storyboard;
			sourceTree = "<group>";
		};
		6353EDEF1D9B762800AF6D47 /* LaunchScreen.storyboard */ = {
			isa = PBXVariantGroup;
			children = (
				6353EDF01D9B762800AF6D47 /* Base */,
			);
			name = LaunchScreen.storyboard;
			sourceTree = "<group>";
		};
/* End PBXVariantGroup section */

/* Begin XCBuildConfiguration section */
		6353EDF31D9B762800AF6D47 /* Debug */ = {
			isa = XCBuildConfiguration;
			buildSettings = {
				ALWAYS_SEARCH_USER_PATHS = NO;
				CLANG_ANALYZER_NONNULL = YES;
				CLANG_CXX_LANGUAGE_STANDARD = "gnu++0x";
				CLANG_CXX_LIBRARY = "libc++";
				CLANG_ENABLE_MODULES = YES;
				CLANG_ENABLE_OBJC_ARC = YES;
				CLANG_WARN_BOOL_CONVERSION = YES;
				CLANG_WARN_CONSTANT_CONVERSION = YES;
				CLANG_WARN_DIRECT_OBJC_ISA_USAGE = YES_ERROR;
				CLANG_WARN_DOCUMENTATION_COMMENTS = YES;
				CLANG_WARN_EMPTY_BODY = YES;
				CLANG_WARN_ENUM_CONVERSION = YES;
				CLANG_WARN_INFINITE_RECURSION = YES;
				CLANG_WARN_INT_CONVERSION = YES;
				CLANG_WARN_OBJC_ROOT_CLASS = YES_ERROR;
				CLANG_WARN_SUSPICIOUS_MOVES = YES;
				CLANG_WARN_UNREACHABLE_CODE = YES;
				CLANG_WARN__DUPLICATE_METHOD_MATCH = YES;
				"CODE_SIGN_IDENTITY[sdk=iphoneos*]" = "iPhone Developer";
				COPY_PHASE_STRIP = NO;
				DEBUG_INFORMATION_FORMAT = dwarf;
				ENABLE_STRICT_OBJC_MSGSEND = YES;
				ENABLE_TESTABILITY = YES;
				GCC_C_LANGUAGE_STANDARD = gnu99;
				GCC_DYNAMIC_NO_PIC = NO;
				GCC_NO_COMMON_BLOCKS = YES;
				GCC_OPTIMIZATION_LEVEL = 0;
				GCC_PREPROCESSOR_DEFINITIONS = (
					"DEBUG=1",
					"$(inherited)",
				);
				GCC_WARN_64_TO_32_BIT_CONVERSION = YES;
				GCC_WARN_ABOUT_RETURN_TYPE = YES_ERROR;
				GCC_WARN_UNDECLARED_SELECTOR = YES;
				GCC_WARN_UNINITIALIZED_AUTOS = YES_AGGRESSIVE;
				GCC_WARN_UNUSED_FUNCTION = YES;
				GCC_WARN_UNUSED_VARIABLE = YES;
				IPHONEOS_DEPLOYMENT_TARGET = 10.0;
				MTL_ENABLE_DEBUG_INFO = YES;
				ONLY_ACTIVE_ARCH = YES;
				SDKROOT = iphoneos;
				SWIFT_ACTIVE_COMPILATION_CONDITIONS = DEBUG;
				SWIFT_OPTIMIZATION_LEVEL = "-Onone";
				TARGETED_DEVICE_FAMILY = "1,2";
			};
			name = Debug;
		};
		6353EDF41D9B762800AF6D47 /* Release */ = {
			isa = XCBuildConfiguration;
			buildSettings = {
				ALWAYS_SEARCH_USER_PATHS = NO;
				CLANG_ANALYZER_NONNULL = YES;
				CLANG_CXX_LANGUAGE_STANDARD = "gnu++0x";
				CLANG_CXX_LIBRARY = "libc++";
				CLANG_ENABLE_MODULES = YES;
				CLANG_ENABLE_OBJC_ARC = YES;
				CLANG_WARN_BOOL_CONVERSION = YES;
				CLANG_WARN_CONSTANT_CONVERSION = YES;
				CLANG_WARN_DIRECT_OBJC_ISA_USAGE = YES_ERROR;
				CLANG_WARN_DOCUMENTATION_COMMENTS = YES;
				CLANG_WARN_EMPTY_BODY = YES;
				CLANG_WARN_ENUM_CONVERSION = YES;
				CLANG_WARN_INFINITE_RECURSION = YES;
				CLANG_WARN_INT_CONVERSION = YES;
				CLANG_WARN_OBJC_ROOT_CLASS = YES_ERROR;
				CLANG_WARN_SUSPICIOUS_MOVES = YES;
				CLANG_WARN_UNREACHABLE_CODE = YES;
				CLANG_WARN__DUPLICATE_METHOD_MATCH = YES;
				"CODE_SIGN_IDENTITY[sdk=iphoneos*]" = "iPhone Developer";
				COPY_PHASE_STRIP = NO;
				DEBUG_INFORMATION_FORMAT = "dwarf-with-dsym";
				ENABLE_NS_ASSERTIONS = NO;
				ENABLE_STRICT_OBJC_MSGSEND = YES;
				GCC_C_LANGUAGE_STANDARD = gnu99;
				GCC_NO_COMMON_BLOCKS = YES;
				GCC_WARN_64_TO_32_BIT_CONVERSION = YES;
				GCC_WARN_ABOUT_RETURN_TYPE = YES_ERROR;
				GCC_WARN_UNDECLARED_SELECTOR = YES;
				GCC_WARN_UNINITIALIZED_AUTOS = YES_AGGRESSIVE;
				GCC_WARN_UNUSED_FUNCTION = YES;
				GCC_WARN_UNUSED_VARIABLE = YES;
				IPHONEOS_DEPLOYMENT_TARGET = 10.0;
				MTL_ENABLE_DEBUG_INFO = NO;
				SDKROOT = iphoneos;
				SWIFT_OPTIMIZATION_LEVEL = "-Owholemodule";
				TARGETED_DEVICE_FAMILY = "1,2";
				VALIDATE_PRODUCT = YES;
			};
			name = Release;
		};
		6353EDF61D9B762800AF6D47 /* Debug */ = {
			isa = XCBuildConfiguration;
			buildSettings = {
				ASSETCATALOG_COMPILER_APPICON_NAME = AppIcon;
				DEVELOPMENT_TEAM = 73W5STJ9E9;
				INFOPLIST_FILE = "测试PHP/Info.plist";
				IPHONEOS_DEPLOYMENT_TARGET = 9.0;
				LD_RUNPATH_SEARCH_PATHS = "$(inherited) @executable_path/Frameworks";
				PRODUCT_BUNDLE_IDENTIFIER = "com.rqb.--PHP";
				PRODUCT_NAME = "$(TARGET_NAME)";
				SWIFT_VERSION = 3.0;
			};
			name = Debug;
		};
		6353EDF71D9B762800AF6D47 /* Release */ = {
			isa = XCBuildConfiguration;
			buildSettings = {
				ASSETCATALOG_COMPILER_APPICON_NAME = AppIcon;
				DEVELOPMENT_TEAM = 73W5STJ9E9;
				INFOPLIST_FILE = "测试PHP/Info.plist";
				IPHONEOS_DEPLOYMENT_TARGET = 9.0;
				LD_RUNPATH_SEARCH_PATHS = "$(inherited) @executable_path/Frameworks";
				PRODUCT_BUNDLE_IDENTIFIER = "com.rqb.--PHP";
				PRODUCT_NAME = "$(TARGET_NAME)";
				SWIFT_VERSION = 3.0;
			};
			name = Release;
		};
/* End XCBuildConfiguration section */

/* Begin XCConfigurationList section */
		6353EDDE1D9B762700AF6D47 /* Build configuration list for PBXProject "测试PHP" */ = {
			isa = XCConfigurationList;
			buildConfigurations = (
				6353EDF31D9B762800AF6D47 /* Debug */,
				6353EDF41D9B762800AF6D47 /* Release */,
			);
			defaultConfigurationIsVisible = 0;
			defaultConfigurationName = Release;
		};
		6353EDF51D9B762800AF6D47 /* Build configuration list for PBXNativeTarget "测试PHP" */ = {
			isa = XCConfigurationList;
			buildConfigurations = (
				6353EDF61D9B762800AF6D47 /* Debug */,
				6353EDF71D9B762800AF6D47 /* Release */,
			);
			defaultConfigurationIsVisible = 0;
		};
/* End XCConfigurationList section */
	};
	rootObject = 6353EDDB1D9B762700AF6D47 /* Project object */;
}
